{
  "nodes": {
    "nixpkgs": {
      "locked": {
        "lastModified": 1750857704,
        "narHash": "sha256-rhrs6acrbymLTmZQ18eUPTURTf9F9mKJZwesa2oqRPM=",
        "owner": "NixOS",
        "repo": "nixpkgs",
        "rev": "ffdcefdde9a4e540d1c875767da0e382e1ccf460",
        "type": "github"
      },
      "original": {
        "owner": "NixOS",
        "ref": "release-25.05",
        "repo": "nixpkgs",
        "type": "github"
      }
    },
    "root": {
      "inputs": {
        "nixpkgs": "nixpkgs"
      }
    }
  },
  "root": "root",
  "version": 7
}
